github.com/DataDog/zstd v1.5.0 h1:+K/VEwIAaPcHiMtQvpLD4lqW7f0Gk3xdYZmI1hD+CXo=
github.com/DataDog/zstd v1.5.0/go.mod h1:g4AWEaM3yOg3HYfnJ3YIawPnVdXJh9QME85blwSAmyw=
github.com/go-gl/glfw/v3.3/glfw v0.0.0-20211213063430-748e38ca8aec h1:3FLiRYO6PlQFDpUU7OEFlWgjGD1jnBIVSJ5SYRWk+9c=
github.com/go-gl/glfw/v3.3/glfw v0.0.0-20211213063430-748e38ca8aec/go.mod h1:tQ2UAYgL5IevRw8kRxooKSPJfGvJ9fJQFa0TUsXzTg8=
